
Microsoft Visual Studio Solution File, Format Version 12.00
# Visual Studio Version 17
VisualStudioVersion = 17.7.34031.279
MinimumVisualStudioVersion = 10.0.40219.1
Project("{FAE04EC0-301F-11D3-BF4B-00C04F79EFBC}") = "QuanLyXeKhach", "QuanLyXeKhach\QuanLyXeKhach.csproj", "{A56B8D08-F6FF-4B1A-B88D-61BEEC5FBEC9}"
EndProject
Global
	GlobalSection(SolutionConfigurationPlatforms) = preSolution
		Debug|Any CPU = Debug|Any CPU
		Release|Any CPU = Release|Any CPU
	EndGlobalSection
	GlobalSection(ProjectConfigurationPlatforms) = postSolution
		{A56B8D08-F6FF-4B1A-B88D-61BEEC5FBEC9}.Debug|Any CPU.ActiveCfg = Debug|Any CPU
		{A56B8D08-F6FF-4B1A-B88D-61BEEC5FBEC9}.Debug|Any CPU.Build.0 = Debug|Any CPU
		{A56B8D08-F6FF-4B1A-B88D-61BEEC5FBEC9}.Release|Any CPU.ActiveCfg = Release|Any CPU
		{A56B8D08-F6FF-4B1A-B88D-61BEEC5FBEC9}.Release|Any CPU.Build.0 = Release|Any CPU
	EndGlobalSection
	GlobalSection(SolutionProperties) = preSolution
		HideSolutionNode = FALSE
	EndGlobalSection
	GlobalSection(ExtensibilityGlobals) = postSolution
		SolutionGuid = {26A7E0D4-98EE-4C3A-884C-D567D893998D}
	EndGlobalSection
EndGlobal
